
Microsoft Visual Studio Solution File, Format Version 12.00
# Visual Studio 2012
Project("{FAE04EC0-301F-11D3-BF4B-00C04F79EFBC}") = "DifferentialGrowth", "DifferentialGrowth.csproj", "{EF1AB933-4257-4F4B-92F2-082A1704AA05}"
EndProject
Project("{FAE04EC0-301F-11D3-BF4B-00C04F79EFBC}") = "LeafVenationGrowth", "LeafVenationGrowth\LeafVenationGrowth.csproj", "{42E64000-D3B1-400F-B831-01A017877A1E}"
EndProject
Global
	GlobalSection(SolutionConfigurationPlatforms) = preSolution
		Debug|Any CPU = Debug|Any CPU
		Release|Any CPU = Release|Any CPU
	EndGlobalSection
	GlobalSection(ProjectConfigurationPlatforms) = postSolution
		{EF1AB933-4257-4F4B-92F2-082A1704AA05}.Debug|Any CPU.ActiveCfg = Debug|Any CPU
		{EF1AB933-4257-4F4B-92F2-082A1704AA05}.Debug|Any CPU.Build.0 = Debug|Any CPU
		{EF1AB933-4257-4F4B-92F2-082A1704AA05}.Release|Any CPU.ActiveCfg = Release|Any CPU
		{EF1AB933-4257-4F4B-92F2-082A1704AA05}.Release|Any CPU.Build.0 = Release|Any CPU
		{42E64000-D3B1-400F-B831-01A017877A1E}.Debug|Any CPU.ActiveCfg = Debug|Any CPU
		{42E64000-D3B1-400F-B831-01A017877A1E}.Debug|Any CPU.Build.0 = Debug|Any CPU
		{42E64000-D3B1-400F-B831-01A017877A1E}.Release|Any CPU.ActiveCfg = Release|Any CPU
		{42E64000-D3B1-400F-B831-01A017877A1E}.Release|Any CPU.Build.0 = Release|Any CPU
	EndGlobalSection
EndGlobal
